// !$*UTF8*$!
{
	archiveVersion = 1;
	classes = {
	};
	objectVersion = 46;
	objects = {

/* Begin PBXBuildFile section */
		853152621DCA153A00E20E27 /* AppDelegate.swift in Sources */ = {isa = PBXBuildFile; fileRef = 853152611DCA153A00E20E27 /* AppDelegate.swift */; };
		853152671DCA153A00E20E27 /* Main.storyboard in Resources */ = {isa = PBXBuildFile; fileRef = 853152651DCA153A00E20E27 /* Main.storyboard */; };
		853152691DCA153A00E20E27 /* Assets.xcassets in Resources */ = {isa = PBXBuildFile; fileRef = 853152681DCA153A00E20E27 /* Assets.xcassets */; };
		8531526C1DCA153B00E20E27 /* LaunchScreen.storyboard in Resources */ = {isa = PBXBuildFile; fileRef = 8531526A1DCA153B00E20E27 /* LaunchScreen.storyboard */; };
		85E3CF351DD4D3FE0056B794 /* PViewController.swift in Sources */ = {isa = PBXBuildFile; fileRef = 85E3CF341DD4D3FE0056B794 /* PViewController.swift */; };
		85F914821DD4DE9500776F53 /* LegendreSymbolViewController.swift in Sources */ = {isa = PBXBuildFile; fileRef = 85F914811DD4DE9500776F53 /* LegendreSymbolViewController.swift */; };
/* End PBXBuildFile section */

/* Begin PBXFileReference section */
		8531525E1DCA153A00E20E27 /* modArithmetic.app */ = {isa = PBXFileReference; explicitFileType = wrapper.application; includeInIndex = 0; path = modArithmetic.app; sourceTree = BUILT_PRODUCTS_DIR; };
		853152611DCA153A00E20E27 /* AppDelegate.swift */ = {isa = PBXFileReference; lastKnownFileType = sourcecode.swift; path = AppDelegate.swift; sourceTree = "<group>"; };
		853152661DCA153A00E20E27 /* Base */ = {isa = PBXFileReference; lastKnownFileType = file.storyboard; name = Base; path = Base.lproj/Main.storyboard; sourceTree = "<group>"; };
		853152681DCA153A00E20E27 /* Assets.xcassets */ = {isa = PBXFileReference; lastKnownFileType = folder.assetcatalog; path = Assets.xcassets; sourceTree = "<group>"; };
		8531526B1DCA153B00E20E27 /* Base */ = {isa = PBXFileReference; lastKnownFileType = file.storyboard; name = Base; path = Base.lproj/LaunchScreen.storyboard; sourceTree = "<group>"; };
		8531526D1DCA153B00E20E27 /* Info.plist */ = {isa = PBXFileReference; lastKnownFileType = text.plist.xml; path = Info.plist; sourceTree = "<group>"; };
		85E3CF341DD4D3FE0056B794 /* PViewController.swift */ = {isa = PBXFileReference; fileEncoding = 4; lastKnownFileType = sourcecode.swift; path = PViewController.swift; sourceTree = "<group>"; };
		85F914811DD4DE9500776F53 /* LegendreSymbolViewController.swift */ = {isa = PBXFileReference; fileEncoding = 4; lastKnownFileType = sourcecode.swift; path = LegendreSymbolViewController.swift; sourceTree = "<group>"; };
/* End PBXFileReference section */

/* Begin PBXFrameworksBuildPhase section */
		8531525B1DCA153400E20E27 /* Frameworks */ = {
			isa = PBXFrameworksBuildPhase;
			buildActionMask = 2147483647;
			files = (
			);
			runOnlyForDeploymentPostprocessing = 0;
		};
/* End PBXFrameworksBuildPhase section */

/* Begin PBXGroup section */
		853152551DCA153300E20E27 = {
			isa = PBXGroup;
			children = (
				853152601DCA153A00E20E27 /* modArithmetic */,
				8531525F1DCA153A00E20E27 /* Products */,
			);
			sourceTree = "<group>";
		};
		8531525F1DCA153A00E20E27 /* Products */ = {
			isa = PBXGroup;
			children = (
				8531525E1DCA153A00E20E27 /* modArithmetic.app */,
			);
			name = Products;
			sourceTree = "<group>";
		};
		853152601DCA153A00E20E27 /* modArithmetic */ = {
			isa = PBXGroup;
			children = (
				853152611DCA153A00E20E27 /* AppDelegate.swift */,
				853152651DCA153A00E20E27 /* Main.storyboard */,
				85F914811DD4DE9500776F53 /* LegendreSymbolViewController.swift */,
				85E3CF341DD4D3FE0056B794 /* PViewController.swift */,
				853152681DCA153A00E20E27 /* Assets.xcassets */,
				8531526A1DCA153B00E20E27 /* LaunchScreen.storyboard */,
				8531526D1DCA153B00E20E27 /* Info.plist */,
			);
			path = modArithmetic;
			sourceTree = "<group>";
		};
/* End PBXGroup section */

/* Begin PBXNativeTarget section */
		8531525D1DCA153400E20E27 /* modArithmetic */ = {
			isa = PBXNativeTarget;
			buildConfigurationList = 853152701DCA153B00E20E27 /* Build configuration list for PBXNativeTarget "modArithmetic" */;
			buildPhases = (
				8531525A1DCA153400E20E27 /* Sources */,
				8531525B1DCA153400E20E27 /* Frameworks */,
				8531525C1DCA153400E20E27 /* Resources */,
			);
			buildRules = (
			);
			dependencies = (
			);
			name = modArithmetic;
			productName = modArithmetic;
			productReference = 8531525E1DCA153A00E20E27 /* modArithmetic.app */;
			productType = "com.apple.product-type.application";
		};
/* End PBXNativeTarget section */

/* Begin PBXProject section */
		853152561DCA153400E20E27 /* Project object */ = {
			isa = PBXProject;
			attributes = {
				LastSwiftUpdateCheck = 0810;
				LastUpgradeCheck = 0810;
				ORGANIZATIONNAME = "Сергей";
				TargetAttributes = {
					8531525D1DCA153400E20E27 = {
						CreatedOnToolsVersion = 8.1;
						DevelopmentTeam = HAZAV255F2;
						ProvisioningStyle = Automatic;
					};
				};
			};
			buildConfigurationList = 853152591DCA153400E20E27 /* Build configuration list for PBXProject "modArithmetic" */;
			compatibilityVersion = "Xcode 3.2";
			developmentRegion = English;
			hasScannedForEncodings = 0;
			knownRegions = (
				en,
				Base,
			);
			mainGroup = 853152551DCA153300E20E27;
			productRefGroup = 8531525F1DCA153A00E20E27 /* Products */;
			projectDirPath = "";
			projectRoot = "";
			targets = (
				8531525D1DCA153400E20E27 /* modArithmetic */,
			);
		};
/* End PBXProject section */

/* Begin PBXResourcesBuildPhase section */
		8531525C1DCA153400E20E27 /* Resources */ = {
			isa = PBXResourcesBuildPhase;
			buildActionMask = 2147483647;
			files = (
				8531526C1DCA153B00E20E27 /* LaunchScreen.storyboard in Resources */,
				853152691DCA153A00E20E27 /* Assets.xcassets in Resources */,
				853152671DCA153A00E20E27 /* Main.storyboard in Resources */,
			);
			runOnlyForDeploymentPostprocessing = 0;
		};
/* End PBXResourcesBuildPhase section */

/* Begin PBXSourcesBuildPhase section */
		8531525A1DCA153400E20E27 /* Sources */ = {
			isa = PBXSourcesBuildPhase;
			buildActionMask = 2147483647;
			files = (
				85F914821DD4DE9500776F53 /* LegendreSymbolViewController.swift in Sources */,
				853152621DCA153A00E20E27 /* AppDelegate.swift in Sources */,
				85E3CF351DD4D3FE0056B794 /* PViewController.swift in Sources */,
			);
			runOnlyForDeploymentPostprocessing = 0;
		};
/* End PBXSourcesBuildPhase section */

/* Begin PBXVariantGroup section */
		853152651DCA153A00E20E27 /* Main.storyboard */ = {
			isa = PBXVariantGroup;
			children = (
				853152661DCA153A00E20E27 /* Base */,
			);
			name = Main.storyboard;
			sourceTree = "<group>";
		};
		8531526A1DCA153B00E20E27 /* LaunchScreen.storyboard */ = {
			isa = PBXVariantGroup;
			children = (
				8531526B1DCA153B00E20E27 /* Base */,
			);
			name = LaunchScreen.storyboard;
			sourceTree = "<group>";
		};
/* End PBXVariantGroup section */

/* Begin XCBuildConfiguration section */
		8531526E1DCA153B00E20E27 /* Debug */ = {
			isa = XCBuildConfiguration;
			buildSettings = {
				ALWAYS_SEARCH_USER_PATHS = NO;
				CLANG_ANALYZER_NONNULL = YES;
				CLANG_CXX_LANGUAGE_STANDARD = "gnu++0x";
				CLANG_CXX_LIBRARY = "libc++";
				CLANG_ENABLE_MODULES = YES;
				CLANG_ENABLE_OBJC_ARC = YES;
				CLANG_WARN_BOOL_CONVERSION = YES;
				CLANG_WARN_CONSTANT_CONVERSION = YES;
				CLANG_WARN_DIRECT_OBJC_ISA_USAGE = YES_ERROR;
				CLANG_WARN_DOCUMENTATION_COMMENTS = YES;
				CLANG_WARN_EMPTY_BODY = YES;
				CLANG_WARN_ENUM_CONVERSION = YES;
				CLANG_WARN_INFINITE_RECURSION = YES;
				CLANG_WARN_INT_CONVERSION = YES;
				CLANG_WARN_OBJC_ROOT_CLASS = YES_ERROR;
				CLANG_WARN_SUSPICIOUS_MOVES = YES;
				CLANG_WARN_UNREACHABLE_CODE = YES;
				CLANG_WARN__DUPLICATE_METHOD_MATCH = YES;
				"CODE_SIGN_IDENTITY[sdk=iphoneos*]" = "iPhone Developer";
				COPY_PHASE_STRIP = NO;
				DEBUG_INFORMATION_FORMAT = dwarf;
				ENABLE_STRICT_OBJC_MSGSEND = YES;
				ENABLE_TESTABILITY = YES;
				GCC_C_LANGUAGE_STANDARD = gnu99;
				GCC_DYNAMIC_NO_PIC = NO;
				GCC_NO_COMMON_BLOCKS = YES;
				GCC_OPTIMIZATION_LEVEL = 0;
				GCC_PREPROCESSOR_DEFINITIONS = (
					"DEBUG=1",
					"$(inherited)",
				);
				GCC_WARN_64_TO_32_BIT_CONVERSION = YES;
				GCC_WARN_ABOUT_RETURN_TYPE = YES_ERROR;
				GCC_WARN_UNDECLARED_SELECTOR = YES;
				GCC_WARN_UNINITIALIZED_AUTOS = YES_AGGRESSIVE;
				GCC_WARN_UNUSED_FUNCTION = YES;
				GCC_WARN_UNUSED_VARIABLE = YES;
				IPHONEOS_DEPLOYMENT_TARGET = 10.1;
				MTL_ENABLE_DEBUG_INFO = YES;
				ONLY_ACTIVE_ARCH = YES;
				SDKROOT = iphoneos;
				SWIFT_ACTIVE_COMPILATION_CONDITIONS = DEBUG;
				SWIFT_OPTIMIZATION_LEVEL = "-Onone";
			};
			name = Debug;
		};
		8531526F1DCA153B00E20E27 /* Release */ = {
			isa = XCBuildConfiguration;
			buildSettings = {
				ALWAYS_SEARCH_USER_PATHS = NO;
				CLANG_ANALYZER_NONNULL = YES;
				CLANG_CXX_LANGUAGE_STANDARD = "gnu++0x";
				CLANG_CXX_LIBRARY = "libc++";
				CLANG_ENABLE_MODULES = YES;
				CLANG_ENABLE_OBJC_ARC = YES;
				CLANG_WARN_BOOL_CONVERSION = YES;
				CLANG_WARN_CONSTANT_CONVERSION = YES;
				CLANG_WARN_DIRECT_OBJC_ISA_USAGE = YES_ERROR;
				CLANG_WARN_DOCUMENTATION_COMMENTS = YES;
				CLANG_WARN_EMPTY_BODY = YES;
				CLANG_WARN_ENUM_CONVERSION = YES;
				CLANG_WARN_INFINITE_RECURSION = YES;
				CLANG_WARN_INT_CONVERSION = YES;
				CLANG_WARN_OBJC_ROOT_CLASS = YES_ERROR;
				CLANG_WARN_SUSPICIOUS_MOVES = YES;
				CLANG_WARN_UNREACHABLE_CODE = YES;
				CLANG_WARN__DUPLICATE_METHOD_MATCH = YES;
				"CODE_SIGN_IDENTITY[sdk=iphoneos*]" = "iPhone Developer";
				COPY_PHASE_STRIP = NO;
				DEBUG_INFORMATION_FORMAT = "dwarf-with-dsym";
				ENABLE_NS_ASSERTIONS = NO;
				ENABLE_STRICT_OBJC_MSGSEND = YES;
				GCC_C_LANGUAGE_STANDARD = gnu99;
				GCC_NO_COMMON_BLOCKS = YES;
				GCC_WARN_64_TO_32_BIT_CONVERSION = YES;
				GCC_WARN_ABOUT_RETURN_TYPE = YES_ERROR;
				GCC_WARN_UNDECLARED_SELECTOR = YES;
				GCC_WARN_UNINITIALIZED_AUTOS = YES_AGGRESSIVE;
				GCC_WARN_UNUSED_FUNCTION = YES;
				GCC_WARN_UNUSED_VARIABLE = YES;
				IPHONEOS_DEPLOYMENT_TARGET = 10.1;
				MTL_ENABLE_DEBUG_INFO = NO;
				SDKROOT = iphoneos;
				SWIFT_OPTIMIZATION_LEVEL = "-Owholemodule";
				VALIDATE_PRODUCT = YES;
			};
			name = Release;
		};
		853152711DCA153B00E20E27 /* Debug */ = {
			isa = XCBuildConfiguration;
			buildSettings = {
				ASSETCATALOG_COMPILER_APPICON_NAME = AppIcon;
				ASSETCATALOG_COMPILER_LAUNCHIMAGE_NAME = LaunchImage;
				CODE_SIGN_IDENTITY = "iPhone Developer";
				"CODE_SIGN_IDENTITY[sdk=iphoneos*]" = "iPhone Developer";
				DEVELOPMENT_TEAM = HAZAV255F2;
				INFOPLIST_FILE = modArithmetic/Info.plist;
				IPHONEOS_DEPLOYMENT_TARGET = 10.1;
				LD_RUNPATH_SEARCH_PATHS = "$(inherited) @executable_path/Frameworks";
				PRODUCT_BUNDLE_IDENTIFIER = kononov.modArithmetic;
				PRODUCT_NAME = "$(TARGET_NAME)";
				SWIFT_VERSION = 3.0;
			};
			name = Debug;
		};
		853152721DCA153B00E20E27 /* Release */ = {
			isa = XCBuildConfiguration;
			buildSettings = {
				ASSETCATALOG_COMPILER_APPICON_NAME = AppIcon;
				ASSETCATALOG_COMPILER_LAUNCHIMAGE_NAME = LaunchImage;
				CODE_SIGN_IDENTITY = "iPhone Developer";
				"CODE_SIGN_IDENTITY[sdk=iphoneos*]" = "iPhone Developer";
				DEVELOPMENT_TEAM = HAZAV255F2;
				INFOPLIST_FILE = modArithmetic/Info.plist;
				IPHONEOS_DEPLOYMENT_TARGET = 10.1;
				LD_RUNPATH_SEARCH_PATHS = "$(inherited) @executable_path/Frameworks";
				PRODUCT_BUNDLE_IDENTIFIER = kononov.modArithmetic;
				PRODUCT_NAME = "$(TARGET_NAME)";
				SWIFT_VERSION = 3.0;
			};
			name = Release;
		};
/* End XCBuildConfiguration section */

/* Begin XCConfigurationList section */
		853152591DCA153400E20E27 /* Build configuration list for PBXProject "modArithmetic" */ = {
			isa = XCConfigurationList;
			buildConfigurations = (
				8531526E1DCA153B00E20E27 /* Debug */,
				8531526F1DCA153B00E20E27 /* Release */,
			);
			defaultConfigurationIsVisible = 0;
			defaultConfigurationName = Release;
		};
		853152701DCA153B00E20E27 /* Build configuration list for PBXNativeTarget "modArithmetic" */ = {
			isa = XCConfigurationList;
			buildConfigurations = (
				853152711DCA153B00E20E27 /* Debug */,
				853152721DCA153B00E20E27 /* Release */,
			);
			defaultConfigurationIsVisible = 0;
			defaultConfigurationName = Release;
		};
/* End XCConfigurationList section */
	};
	rootObject = 853152561DCA153400E20E27 /* Project object */;
}
